
Microsoft Visual Studio Solution File, Format Version 12.00
# Visual Studio Version 17
VisualStudioVersion = 17.10.35013.160
MinimumVisualStudioVersion = 10.0.40219.1
Project("{FAE04EC0-301F-11D3-BF4B-00C04F79EFBC}") = "Excel_Baxter", "Excel_Baxter.csproj", "{BA6FA934-825D-4AFB-A4A0-372B96583276}"
EndProject
Global
	GlobalSection(SolutionConfigurationPlatforms) = preSolution
		Debug|Any CPU = Debug|Any CPU
		Release|Any CPU = Release|Any CPU
	EndGlobalSection
	GlobalSection(ProjectConfigurationPlatforms) = postSolution
		{BA6FA934-825D-4AFB-A4A0-372B96583276}.Debug|Any CPU.ActiveCfg = Debug|Any CPU
		{BA6FA934-825D-4AFB-A4A0-372B96583276}.Debug|Any CPU.Build.0 = Debug|Any CPU
		{BA6FA934-825D-4AFB-A4A0-372B96583276}.Release|Any CPU.ActiveCfg = Release|Any CPU
		{BA6FA934-825D-4AFB-A4A0-372B96583276}.Release|Any CPU.Build.0 = Release|Any CPU
	EndGlobalSection
	GlobalSection(SolutionProperties) = preSolution
		HideSolutionNode = FALSE
	EndGlobalSection
	GlobalSection(ExtensibilityGlobals) = postSolution
		SolutionGuid = {866EFB62-20DE-4994-BAFF-C5F383F62971}
	EndGlobalSection
EndGlobal
